
Microsoft Visual Studio Solution File, Format Version 12.00
# Visual Studio 15
VisualStudioVersion = 15.0.27004.2008
MinimumVisualStudioVersion = 10.0.40219.1
Project("{FAE04EC0-301F-11D3-BF4B-00C04F79EFBC}") = "ProxyWatcher", "ProxyWatcher\ProxyWatcher.csproj", "{B7A21A09-740B-4CFC-BE90-5A6616B05680}"
EndProject
Global
	GlobalSection(SolutionConfigurationPlatforms) = preSolution
		Debug|Any CPU = Debug|Any CPU
		Release|Any CPU = Release|Any CPU
	EndGlobalSection
	GlobalSection(ProjectConfigurationPlatforms) = postSolution
		{B7A21A09-740B-4CFC-BE90-5A6616B05680}.Debug|Any CPU.ActiveCfg = Debug|Any CPU
		{B7A21A09-740B-4CFC-BE90-5A6616B05680}.Debug|Any CPU.Build.0 = Debug|Any CPU
		{B7A21A09-740B-4CFC-BE90-5A6616B05680}.Release|Any CPU.ActiveCfg = Release|Any CPU
		{B7A21A09-740B-4CFC-BE90-5A6616B05680}.Release|Any CPU.Build.0 = Release|Any CPU
	EndGlobalSection
	GlobalSection(SolutionProperties) = preSolution
		HideSolutionNode = FALSE
	EndGlobalSection
	GlobalSection(ExtensibilityGlobals) = postSolution
		SolutionGuid = {65DCBE7A-E5F3-45B3-934E-D5AAF8B500DB}
	EndGlobalSection
EndGlobal
